
Microsoft Visual Studio Solution File, Format Version 12.00
# Visual Studio Version 17
VisualStudioVersion = 17.1.32210.238
MinimumVisualStudioVersion = 10.0.40219.1
Project("{FAE04EC0-301F-11D3-BF4B-00C04F79EFBC}") = "TaskTracker.WebApi", "TaskTracker.WebApi\TaskTracker.WebApi.csproj", "{C89BB687-D2A4-4381-8C50-6CBF7AE13A45}"
EndProject
Project("{FAE04EC0-301F-11D3-BF4B-00C04F79EFBC}") = "TaskTracker.DataAccess", "TaskTracker.DataAccess\TaskTracker.DataAccess.csproj", "{0DDF11E4-4401-4F89-94AD-8225B14C79AF}"
EndProject
Project("{FAE04EC0-301F-11D3-BF4B-00C04F79EFBC}") = "TaskTracker.BusinessLogic", "TaskTracker.BusinessLogic\TaskTracker.BusinessLogic.csproj", "{9834B003-6A64-465A-B6F3-3D30F05EDF62}"
EndProject
Global
	GlobalSection(SolutionConfigurationPlatforms) = preSolution
		Debug|Any CPU = Debug|Any CPU
		Release|Any CPU = Release|Any CPU
	EndGlobalSection
	GlobalSection(ProjectConfigurationPlatforms) = postSolution
		{C89BB687-D2A4-4381-8C50-6CBF7AE13A45}.Debug|Any CPU.ActiveCfg = Debug|Any CPU
		{C89BB687-D2A4-4381-8C50-6CBF7AE13A45}.Debug|Any CPU.Build.0 = Debug|Any CPU
		{C89BB687-D2A4-4381-8C50-6CBF7AE13A45}.Release|Any CPU.ActiveCfg = Release|Any CPU
		{C89BB687-D2A4-4381-8C50-6CBF7AE13A45}.Release|Any CPU.Build.0 = Release|Any CPU
		{0DDF11E4-4401-4F89-94AD-8225B14C79AF}.Debug|Any CPU.ActiveCfg = Debug|Any CPU
		{0DDF11E4-4401-4F89-94AD-8225B14C79AF}.Debug|Any CPU.Build.0 = Debug|Any CPU
		{0DDF11E4-4401-4F89-94AD-8225B14C79AF}.Release|Any CPU.ActiveCfg = Release|Any CPU
		{0DDF11E4-4401-4F89-94AD-8225B14C79AF}.Release|Any CPU.Build.0 = Release|Any CPU
		{9834B003-6A64-465A-B6F3-3D30F05EDF62}.Debug|Any CPU.ActiveCfg = Debug|Any CPU
		{9834B003-6A64-465A-B6F3-3D30F05EDF62}.Debug|Any CPU.Build.0 = Debug|Any CPU
		{9834B003-6A64-465A-B6F3-3D30F05EDF62}.Release|Any CPU.ActiveCfg = Release|Any CPU
		{9834B003-6A64-465A-B6F3-3D30F05EDF62}.Release|Any CPU.Build.0 = Release|Any CPU
	EndGlobalSection
	GlobalSection(SolutionProperties) = preSolution
		HideSolutionNode = FALSE
	EndGlobalSection
	GlobalSection(ExtensibilityGlobals) = postSolution
		SolutionGuid = {1F4E2EA9-C306-4459-9E62-A45A55863FDD}
	EndGlobalSection
EndGlobal
